{
  "nodes": {
    "flake-utils": {
      "locked": {
        "lastModified": 1644229661,
        "narHash": "sha256-1YdnJAsNy69bpcjuoKdOYQX0YxZBiCYZo4Twxerqv7k=",
        "owner": "numtide",
        "repo": "flake-utils",
        "rev": "3cecb5b042f7f209c56ffd8371b2711a290ec797",
        "type": "github"
      },
      "original": {
        "owner": "numtide",
        "repo": "flake-utils",
        "type": "github"
      }
    },
    "nixpkgs": {
      "locked": {
        "lastModified": 1647321037,
        "narHash": "sha256-yGaXiNGLxcvGCbdl+YrLDZNfFlTwCkDkj3rrAJXqUWw=",
        "owner": "nixos",
        "repo": "nixpkgs",
        "rev": "17bb305adf8c4d9a915b56043acc1ee69c6aa468",
        "type": "github"
      },
      "original": {
        "owner": "nixos",
        "ref": "release-21.11",
        "repo": "nixpkgs",
        "type": "github"
      }
    },
    "root": {
      "inputs": {
        "flake-utils": "flake-utils",
        "nixpkgs": "nixpkgs",
        "rust-overlay": "rust-overlay"
      }
    },
    "rust-overlay": {
      "inputs": {
        "flake-utils": [
          "flake-utils"
        ],
        "nixpkgs": [
          "nixpkgs"
        ]
      },
      "locked": {
        "lastModified": 1647311412,
        "narHash": "sha256-QS/7FRv48jCp/5t9jAgJL+Psx+wuUdwu5g35XHLmpDw=",
        "owner": "oxalica",
        "repo": "rust-overlay",
        "rev": "e005f7e14ce46b4309ac723ba2c8acbc6c6cee61",
        "type": "github"
      },
      "original": {
        "owner": "oxalica",
        "repo": "rust-overlay",
        "type": "github"
      }
    }
  },
  "root": "root",
  "version": 7
}
